
Microsoft Visual Studio Solution File, Format Version 12.00
# Visual Studio Version 17
VisualStudioVersion = 17.0.31919.166
MinimumVisualStudioVersion = 10.0.40219.1
Project("{9A19103F-16F7-4668-BE54-9A1E7A4F7556}") = "IoC.Program", "IoC.Program\IoC.Program.csproj", "{C800C349-D644-42C3-AFCB-FD9374D97891}"
EndProject
Project("{9A19103F-16F7-4668-BE54-9A1E7A4F7556}") = "IoC.Container", "IoC.Container\IoC.Container.csproj", "{C83985F3-5C2E-4024-A041-7E37B37B0C14}"
EndProject
Global
	GlobalSection(SolutionConfigurationPlatforms) = preSolution
		Debug|Any CPU = Debug|Any CPU
		Release|Any CPU = Release|Any CPU
	EndGlobalSection
	GlobalSection(ProjectConfigurationPlatforms) = postSolution
		{C800C349-D644-42C3-AFCB-FD9374D97891}.Debug|Any CPU.ActiveCfg = Debug|Any CPU
		{C800C349-D644-42C3-AFCB-FD9374D97891}.Debug|Any CPU.Build.0 = Debug|Any CPU
		{C800C349-D644-42C3-AFCB-FD9374D97891}.Release|Any CPU.ActiveCfg = Release|Any CPU
		{C800C349-D644-42C3-AFCB-FD9374D97891}.Release|Any CPU.Build.0 = Release|Any CPU
		{C83985F3-5C2E-4024-A041-7E37B37B0C14}.Debug|Any CPU.ActiveCfg = Debug|Any CPU
		{C83985F3-5C2E-4024-A041-7E37B37B0C14}.Debug|Any CPU.Build.0 = Debug|Any CPU
		{C83985F3-5C2E-4024-A041-7E37B37B0C14}.Release|Any CPU.ActiveCfg = Release|Any CPU
		{C83985F3-5C2E-4024-A041-7E37B37B0C14}.Release|Any CPU.Build.0 = Release|Any CPU
	EndGlobalSection
	GlobalSection(SolutionProperties) = preSolution
		HideSolutionNode = FALSE
	EndGlobalSection
	GlobalSection(ExtensibilityGlobals) = postSolution
		SolutionGuid = {08F30FAC-7DA6-41A5-A5CA-D7BDF7A08C9F}
	EndGlobalSection
EndGlobal
